
Microsoft Visual Studio Solution File, Format Version 10.00
# Visual Studio 2008
Project("{E24C65DC-7377-472B-9ABA-BC803B73C61A}") = "FIRSTPROJECT", ".", "{8B611BCC-BD83-4705-B09D-BC45112B4ECC}"
	ProjectSection(WebsiteProperties) = preProject
		TargetFramework = "3.5"
		Debug.AspNetCompiler.VirtualPath = "/FIRSTPROJECT"
		Debug.AspNetCompiler.PhysicalPath = "D:\KALPESH_BAVALIYA\SEM_6\ASP\FIRSTPROJECT\"
		Debug.AspNetCompiler.TargetPath = "PrecompiledWeb\FIRSTPROJECT\"
		Debug.AspNetCompiler.Updateable = "true"
		Debug.AspNetCompiler.ForceOverwrite = "true"
		Debug.AspNetCompiler.FixedNames = "false"
		Debug.AspNetCompiler.Debug = "True"
		Release.AspNetCompiler.VirtualPath = "/FIRSTPROJECT"
		Release.AspNetCompiler.PhysicalPath = "D:\KALPESH_BAVALIYA\SEM_6\ASP\FIRSTPROJECT\"
		Release.AspNetCompiler.TargetPath = "PrecompiledWeb\FIRSTPROJECT\"
		Release.AspNetCompiler.Updateable = "true"
		Release.AspNetCompiler.ForceOverwrite = "true"
		Release.AspNetCompiler.FixedNames = "false"
		Release.AspNetCompiler.Debug = "False"
		VWDPort = "60875"
	EndProjectSection
EndProject
Global
	GlobalSection(SolutionConfigurationPlatforms) = preSolution
		Debug|.NET = Debug|.NET
	EndGlobalSection
	GlobalSection(ProjectConfigurationPlatforms) = postSolution
		{8B611BCC-BD83-4705-B09D-BC45112B4ECC}.Debug|.NET.ActiveCfg = Debug|.NET
		{8B611BCC-BD83-4705-B09D-BC45112B4ECC}.Debug|.NET.Build.0 = Debug|.NET
	EndGlobalSection
	GlobalSection(SolutionProperties) = preSolution
		HideSolutionNode = FALSE
	EndGlobalSection
EndGlobal
